
Microsoft Visual Studio Solution File, Format Version 12.00
# Visual Studio Version 17
VisualStudioVersion = 17.9.34607.119
MinimumVisualStudioVersion = 10.0.40219.1
Project("{FAE04EC0-301F-11D3-BF4B-00C04F79EFBC}") = "UcoTest.ConsoleApp", "UcoTest.ConsoleApp\UcoTest.ConsoleApp.csproj", "{FD07F7CB-6C5B-4E98-B87B-2D62B7B3C24F}"
EndProject
Project("{FAE04EC0-301F-11D3-BF4B-00C04F79EFBC}") = "UcoTest.WebMvc", "UcoTest.WebMvc\UcoTest.WebMvc.csproj", "{A4F6CE34-B215-41CE-83B2-4DF01EFE1B06}"
EndProject
Global
	GlobalSection(SolutionConfigurationPlatforms) = preSolution
		Debug|Any CPU = Debug|Any CPU
		Release|Any CPU = Release|Any CPU
	EndGlobalSection
	GlobalSection(ProjectConfigurationPlatforms) = postSolution
		{FD07F7CB-6C5B-4E98-B87B-2D62B7B3C24F}.Debug|Any CPU.ActiveCfg = Debug|Any CPU
		{FD07F7CB-6C5B-4E98-B87B-2D62B7B3C24F}.Debug|Any CPU.Build.0 = Debug|Any CPU
		{FD07F7CB-6C5B-4E98-B87B-2D62B7B3C24F}.Release|Any CPU.ActiveCfg = Release|Any CPU
		{FD07F7CB-6C5B-4E98-B87B-2D62B7B3C24F}.Release|Any CPU.Build.0 = Release|Any CPU
		{A4F6CE34-B215-41CE-83B2-4DF01EFE1B06}.Debug|Any CPU.ActiveCfg = Debug|Any CPU
		{A4F6CE34-B215-41CE-83B2-4DF01EFE1B06}.Debug|Any CPU.Build.0 = Debug|Any CPU
		{A4F6CE34-B215-41CE-83B2-4DF01EFE1B06}.Release|Any CPU.ActiveCfg = Release|Any CPU
		{A4F6CE34-B215-41CE-83B2-4DF01EFE1B06}.Release|Any CPU.Build.0 = Release|Any CPU
	EndGlobalSection
	GlobalSection(SolutionProperties) = preSolution
		HideSolutionNode = FALSE
	EndGlobalSection
	GlobalSection(ExtensibilityGlobals) = postSolution
		SolutionGuid = {454F88C9-D0E8-4CA0-947D-C76804FAF4E6}
	EndGlobalSection
EndGlobal
